// !$*UTF8*$!
{
	archiveVersion = 1;
	classes = {
	};
	objectVersion = 46;
	objects = {

/* Begin PBXBuildFile section */
		8609C91E1C01331E00FF6026 /* DatePickerDialog.swift in Sources */ = {isa = PBXBuildFile; fileRef = 8609C91D1C01331E00FF6026 /* DatePickerDialog.swift */; };
		8609C9221C0137AE00FF6026 /* SwiftyJSON.swift in Sources */ = {isa = PBXBuildFile; fileRef = 8609C9211C0137AE00FF6026 /* SwiftyJSON.swift */; };
		8609C9241C013BBF00FF6026 /* FilterTableVC.swift in Sources */ = {isa = PBXBuildFile; fileRef = 8609C9231C013BBF00FF6026 /* FilterTableVC.swift */; };
		8689E6A21C027ECB0057F94F /* ReportDetailVC.swift in Sources */ = {isa = PBXBuildFile; fileRef = 8689E6A11C027ECB0057F94F /* ReportDetailVC.swift */; };
		86986C7D1BE1714C003EB8E6 /* CoreLocation.framework in Frameworks */ = {isa = PBXBuildFile; fileRef = 86986C7C1BE1714C003EB8E6 /* CoreLocation.framework */; };
		86A4302F1BDF3F6F00FF516F /* AppDelegate.swift in Sources */ = {isa = PBXBuildFile; fileRef = 86A4302E1BDF3F6F00FF516F /* AppDelegate.swift */; };
		86A430341BDF3F6F00FF516F /* Main.storyboard in Resources */ = {isa = PBXBuildFile; fileRef = 86A430321BDF3F6F00FF516F /* Main.storyboard */; };
		86A430361BDF3F6F00FF516F /* Assets.xcassets in Resources */ = {isa = PBXBuildFile; fileRef = 86A430351BDF3F6F00FF516F /* Assets.xcassets */; };
		86A430391BDF3F6F00FF516F /* LaunchScreen.storyboard in Resources */ = {isa = PBXBuildFile; fileRef = 86A430371BDF3F6F00FF516F /* LaunchScreen.storyboard */; };
		86A430411BDF5D0000FF516F /* MapKit.framework in Frameworks */ = {isa = PBXBuildFile; fileRef = 86A430401BDF5D0000FF516F /* MapKit.framework */; };
		86D649011C0FFDE8002ADE22 /* SchoolFilterVC.swift in Sources */ = {isa = PBXBuildFile; fileRef = 86D649001C0FFDE8002ADE22 /* SchoolFilterVC.swift */; };
		86D649031C0FFE0F002ADE22 /* SchoolFilterTableVC.swift in Sources */ = {isa = PBXBuildFile; fileRef = 86D649021C0FFE0F002ADE22 /* SchoolFilterTableVC.swift */; };
		AA72A34C1BEEB2240051312B /* FilterVC.swift in Sources */ = {isa = PBXBuildFile; fileRef = AA72A3471BEEB2240051312B /* FilterVC.swift */; };
		AA72A34D1BEEB2240051312B /* MapVC.swift in Sources */ = {isa = PBXBuildFile; fileRef = AA72A3481BEEB2240051312B /* MapVC.swift */; };
		AA72A34F1BEEB2240051312B /* SplitViewController.swift in Sources */ = {isa = PBXBuildFile; fileRef = AA72A34A1BEEB2240051312B /* SplitViewController.swift */; };
		AABC7A531BE2BF9B002B62D9 /* Types.swift in Sources */ = {isa = PBXBuildFile; fileRef = AABC7A521BE2BF9B002B62D9 /* Types.swift */; };
		AAEC1D5B1BDF44D300E56DCA /* Server.swift in Sources */ = {isa = PBXBuildFile; fileRef = AAEC1D5A1BDF44D300E56DCA /* Server.swift */; };
/* End PBXBuildFile section */

/* Begin PBXFileReference section */
		8609C91D1C01331E00FF6026 /* DatePickerDialog.swift */ = {isa = PBXFileReference; fileEncoding = 4; lastKnownFileType = sourcecode.swift; path = DatePickerDialog.swift; sourceTree = "<group>"; };
		8609C9211C0137AE00FF6026 /* SwiftyJSON.swift */ = {isa = PBXFileReference; fileEncoding = 4; lastKnownFileType = sourcecode.swift; name = SwiftyJSON.swift; path = "Chicago Crime/SwiftyJSON.swift"; sourceTree = "<group>"; };
		8609C9231C013BBF00FF6026 /* FilterTableVC.swift */ = {isa = PBXFileReference; fileEncoding = 4; lastKnownFileType = sourcecode.swift; path = FilterTableVC.swift; sourceTree = "<group>"; };
		8689E6A11C027ECB0057F94F /* ReportDetailVC.swift */ = {isa = PBXFileReference; fileEncoding = 4; lastKnownFileType = sourcecode.swift; path = ReportDetailVC.swift; sourceTree = "<group>"; };
		86986C7C1BE1714C003EB8E6 /* CoreLocation.framework */ = {isa = PBXFileReference; lastKnownFileType = wrapper.framework; name = CoreLocation.framework; path = System/Library/Frameworks/CoreLocation.framework; sourceTree = SDKROOT; };
		86A4302B1BDF3F6F00FF516F /* Chicago Crime.app */ = {isa = PBXFileReference; explicitFileType = wrapper.application; includeInIndex = 0; path = "Chicago Crime.app"; sourceTree = BUILT_PRODUCTS_DIR; };
		86A4302E1BDF3F6F00FF516F /* AppDelegate.swift */ = {isa = PBXFileReference; lastKnownFileType = sourcecode.swift; path = AppDelegate.swift; sourceTree = "<group>"; };
		86A430331BDF3F6F00FF516F /* Base */ = {isa = PBXFileReference; lastKnownFileType = file.storyboard; name = Base; path = Base.lproj/Main.storyboard; sourceTree = "<group>"; };
		86A430351BDF3F6F00FF516F /* Assets.xcassets */ = {isa = PBXFileReference; lastKnownFileType = folder.assetcatalog; path = Assets.xcassets; sourceTree = "<group>"; };
		86A430381BDF3F6F00FF516F /* Base */ = {isa = PBXFileReference; lastKnownFileType = file.storyboard; name = Base; path = Base.lproj/LaunchScreen.storyboard; sourceTree = "<group>"; };
		86A4303A1BDF3F6F00FF516F /* Info.plist */ = {isa = PBXFileReference; lastKnownFileType = text.plist.xml; path = Info.plist; sourceTree = "<group>"; };
		86A430401BDF5D0000FF516F /* MapKit.framework */ = {isa = PBXFileReference; lastKnownFileType = wrapper.framework; name = MapKit.framework; path = System/Library/Frameworks/MapKit.framework; sourceTree = SDKROOT; };
		86D649001C0FFDE8002ADE22 /* SchoolFilterVC.swift */ = {isa = PBXFileReference; fileEncoding = 4; lastKnownFileType = sourcecode.swift; path = SchoolFilterVC.swift; sourceTree = "<group>"; };
		86D649021C0FFE0F002ADE22 /* SchoolFilterTableVC.swift */ = {isa = PBXFileReference; fileEncoding = 4; lastKnownFileType = sourcecode.swift; path = SchoolFilterTableVC.swift; sourceTree = "<group>"; };
		AA72A3471BEEB2240051312B /* FilterVC.swift */ = {isa = PBXFileReference; fileEncoding = 4; lastKnownFileType = sourcecode.swift; path = FilterVC.swift; sourceTree = "<group>"; };
		AA72A3481BEEB2240051312B /* MapVC.swift */ = {isa = PBXFileReference; fileEncoding = 4; lastKnownFileType = sourcecode.swift; path = MapVC.swift; sourceTree = "<group>"; };
		AA72A34A1BEEB2240051312B /* SplitViewController.swift */ = {isa = PBXFileReference; fileEncoding = 4; lastKnownFileType = sourcecode.swift; path = SplitViewController.swift; sourceTree = "<group>"; };
		AABC7A521BE2BF9B002B62D9 /* Types.swift */ = {isa = PBXFileReference; fileEncoding = 4; lastKnownFileType = sourcecode.swift; path = Types.swift; sourceTree = "<group>"; };
		AAEC1D5A1BDF44D300E56DCA /* Server.swift */ = {isa = PBXFileReference; fileEncoding = 4; indentWidth = 4; lastKnownFileType = sourcecode.swift; path = Server.swift; sourceTree = "<group>"; tabWidth = 4; };
/* End PBXFileReference section */

/* Begin PBXFrameworksBuildPhase section */
		86A430281BDF3F6F00FF516F /* Frameworks */ = {
			isa = PBXFrameworksBuildPhase;
			buildActionMask = 2147483647;
			files = (
				86986C7D1BE1714C003EB8E6 /* CoreLocation.framework in Frameworks */,
				86A430411BDF5D0000FF516F /* MapKit.framework in Frameworks */,
			);
			runOnlyForDeploymentPostprocessing = 0;
		};
/* End PBXFrameworksBuildPhase section */

/* Begin PBXGroup section */
		86A430221BDF3F6F00FF516F = {
			isa = PBXGroup;
			children = (
				86A4302D1BDF3F6F00FF516F /* Chicago Crime */,
				86A430421BDF5D0500FF516F /* Frameworks */,
				86A4302C1BDF3F6F00FF516F /* Products */,
			);
			indentWidth = 4;
			sourceTree = "<group>";
			tabWidth = 4;
		};
		86A4302C1BDF3F6F00FF516F /* Products */ = {
			isa = PBXGroup;
			children = (
				86A4302B1BDF3F6F00FF516F /* Chicago Crime.app */,
			);
			name = Products;
			sourceTree = "<group>";
		};
		86A4302D1BDF3F6F00FF516F /* Chicago Crime */ = {
			isa = PBXGroup;
			children = (
				86A4302E1BDF3F6F00FF516F /* AppDelegate.swift */,
				86A430431BDF5D1A00FF516F /* Model */,
				86A430441BDF5D2000FF516F /* View */,
				86A430451BDF5D2900FF516F /* Controller */,
				86A430461BDF5D4A00FF516F /* Resources */,
			);
			path = "Chicago Crime";
			sourceTree = "<group>";
		};
		86A430421BDF5D0500FF516F /* Frameworks */ = {
			isa = PBXGroup;
			children = (
				8609C91D1C01331E00FF6026 /* DatePickerDialog.swift */,
				8609C9211C0137AE00FF6026 /* SwiftyJSON.swift */,
				86986C7C1BE1714C003EB8E6 /* CoreLocation.framework */,
				86A430401BDF5D0000FF516F /* MapKit.framework */,
			);
			name = Frameworks;
			sourceTree = "<group>";
		};
		86A430431BDF5D1A00FF516F /* Model */ = {
			isa = PBXGroup;
			children = (
				AABC7A521BE2BF9B002B62D9 /* Types.swift */,
				AAEC1D5A1BDF44D300E56DCA /* Server.swift */,
			);
			name = Model;
			sourceTree = "<group>";
		};
		86A430441BDF5D2000FF516F /* View */ = {
			isa = PBXGroup;
			children = (
				86A430321BDF3F6F00FF516F /* Main.storyboard */,
				86A430371BDF3F6F00FF516F /* LaunchScreen.storyboard */,
			);
			name = View;
			sourceTree = "<group>";
		};
		86A430451BDF5D2900FF516F /* Controller */ = {
			isa = PBXGroup;
			children = (
				AA72A34A1BEEB2240051312B /* SplitViewController.swift */,
				AA72A3481BEEB2240051312B /* MapVC.swift */,
				AA72A3471BEEB2240051312B /* FilterVC.swift */,
				8609C9231C013BBF00FF6026 /* FilterTableVC.swift */,
				86D649001C0FFDE8002ADE22 /* SchoolFilterVC.swift */,
				86D649021C0FFE0F002ADE22 /* SchoolFilterTableVC.swift */,
				8689E6A11C027ECB0057F94F /* ReportDetailVC.swift */,
			);
			name = Controller;
			sourceTree = "<group>";
		};
		86A430461BDF5D4A00FF516F /* Resources */ = {
			isa = PBXGroup;
			children = (
				86A430351BDF3F6F00FF516F /* Assets.xcassets */,
				86A4303A1BDF3F6F00FF516F /* Info.plist */,
			);
			name = Resources;
			sourceTree = "<group>";
		};
/* End PBXGroup section */

/* Begin PBXNativeTarget section */
		86A4302A1BDF3F6F00FF516F /* Chicago Crime */ = {
			isa = PBXNativeTarget;
			buildConfigurationList = 86A4303D1BDF3F6F00FF516F /* Build configuration list for PBXNativeTarget "Chicago Crime" */;
			buildPhases = (
				86A430271BDF3F6F00FF516F /* Sources */,
				86A430281BDF3F6F00FF516F /* Frameworks */,
				86A430291BDF3F6F00FF516F /* Resources */,
			);
			buildRules = (
			);
			dependencies = (
			);
			name = "Chicago Crime";
			productName = "Chicago Crime";
			productReference = 86A4302B1BDF3F6F00FF516F /* Chicago Crime.app */;
			productType = "com.apple.product-type.application";
		};
/* End PBXNativeTarget section */

/* Begin PBXProject section */
		86A430231BDF3F6F00FF516F /* Project object */ = {
			isa = PBXProject;
			attributes = {
				LastSwiftUpdateCheck = 0710;
				LastUpgradeCheck = 0710;
				ORGANIZATIONNAME = "Kalvin Loc";
				TargetAttributes = {
					86A4302A1BDF3F6F00FF516F = {
						CreatedOnToolsVersion = 7.1;
						DevelopmentTeam = N6A2S4TCDQ;
					};
				};
			};
			buildConfigurationList = 86A430261BDF3F6F00FF516F /* Build configuration list for PBXProject "Chicago Crime" */;
			compatibilityVersion = "Xcode 3.2";
			developmentRegion = English;
			hasScannedForEncodings = 0;
			knownRegions = (
				en,
				Base,
			);
			mainGroup = 86A430221BDF3F6F00FF516F;
			productRefGroup = 86A4302C1BDF3F6F00FF516F /* Products */;
			projectDirPath = "";
			projectRoot = "";
			targets = (
				86A4302A1BDF3F6F00FF516F /* Chicago Crime */,
			);
		};
/* End PBXProject section */

/* Begin PBXResourcesBuildPhase section */
		86A430291BDF3F6F00FF516F /* Resources */ = {
			isa = PBXResourcesBuildPhase;
			buildActionMask = 2147483647;
			files = (
				86A430391BDF3F6F00FF516F /* LaunchScreen.storyboard in Resources */,
				86A430361BDF3F6F00FF516F /* Assets.xcassets in Resources */,
				86A430341BDF3F6F00FF516F /* Main.storyboard in Resources */,
			);
			runOnlyForDeploymentPostprocessing = 0;
		};
/* End PBXResourcesBuildPhase section */

/* Begin PBXSourcesBuildPhase section */
		86A430271BDF3F6F00FF516F /* Sources */ = {
			isa = PBXSourcesBuildPhase;
			buildActionMask = 2147483647;
			files = (
				8609C9241C013BBF00FF6026 /* FilterTableVC.swift in Sources */,
				AA72A34C1BEEB2240051312B /* FilterVC.swift in Sources */,
				AAEC1D5B1BDF44D300E56DCA /* Server.swift in Sources */,
				86D649031C0FFE0F002ADE22 /* SchoolFilterTableVC.swift in Sources */,
				86D649011C0FFDE8002ADE22 /* SchoolFilterVC.swift in Sources */,
				8609C9221C0137AE00FF6026 /* SwiftyJSON.swift in Sources */,
				AA72A34D1BEEB2240051312B /* MapVC.swift in Sources */,
				AA72A34F1BEEB2240051312B /* SplitViewController.swift in Sources */,
				AABC7A531BE2BF9B002B62D9 /* Types.swift in Sources */,
				86A4302F1BDF3F6F00FF516F /* AppDelegate.swift in Sources */,
				8609C91E1C01331E00FF6026 /* DatePickerDialog.swift in Sources */,
				8689E6A21C027ECB0057F94F /* ReportDetailVC.swift in Sources */,
			);
			runOnlyForDeploymentPostprocessing = 0;
		};
/* End PBXSourcesBuildPhase section */

/* Begin PBXVariantGroup section */
		86A430321BDF3F6F00FF516F /* Main.storyboard */ = {
			isa = PBXVariantGroup;
			children = (
				86A430331BDF3F6F00FF516F /* Base */,
			);
			name = Main.storyboard;
			sourceTree = "<group>";
		};
		86A430371BDF3F6F00FF516F /* LaunchScreen.storyboard */ = {
			isa = PBXVariantGroup;
			children = (
				86A430381BDF3F6F00FF516F /* Base */,
			);
			name = LaunchScreen.storyboard;
			sourceTree = "<group>";
		};
/* End PBXVariantGroup section */

/* Begin XCBuildConfiguration section */
		86A4303B1BDF3F6F00FF516F /* Debug */ = {
			isa = XCBuildConfiguration;
			buildSettings = {
				ALWAYS_SEARCH_USER_PATHS = NO;
				CLANG_CXX_LANGUAGE_STANDARD = "gnu++0x";
				CLANG_CXX_LIBRARY = "libc++";
				CLANG_ENABLE_MODULES = YES;
				CLANG_ENABLE_OBJC_ARC = YES;
				CLANG_WARN_BOOL_CONVERSION = YES;
				CLANG_WARN_CONSTANT_CONVERSION = YES;
				CLANG_WARN_DIRECT_OBJC_ISA_USAGE = YES_ERROR;
				CLANG_WARN_EMPTY_BODY = YES;
				CLANG_WARN_ENUM_CONVERSION = YES;
				CLANG_WARN_INT_CONVERSION = YES;
				CLANG_WARN_OBJC_ROOT_CLASS = YES_ERROR;
				CLANG_WARN_UNREACHABLE_CODE = YES;
				CLANG_WARN__DUPLICATE_METHOD_MATCH = YES;
				"CODE_SIGN_IDENTITY[sdk=iphoneos*]" = "iPhone Developer";
				COPY_PHASE_STRIP = NO;
				DEBUG_INFORMATION_FORMAT = dwarf;
				ENABLE_STRICT_OBJC_MSGSEND = YES;
				ENABLE_TESTABILITY = YES;
				GCC_C_LANGUAGE_STANDARD = gnu99;
				GCC_DYNAMIC_NO_PIC = NO;
				GCC_NO_COMMON_BLOCKS = YES;
				GCC_OPTIMIZATION_LEVEL = 0;
				GCC_PREPROCESSOR_DEFINITIONS = (
					"DEBUG=1",
					"$(inherited)",
				);
				GCC_WARN_64_TO_32_BIT_CONVERSION = YES;
				GCC_WARN_ABOUT_RETURN_TYPE = YES_ERROR;
				GCC_WARN_UNDECLARED_SELECTOR = YES;
				GCC_WARN_UNINITIALIZED_AUTOS = YES_AGGRESSIVE;
				GCC_WARN_UNUSED_FUNCTION = YES;
				GCC_WARN_UNUSED_VARIABLE = YES;
				IPHONEOS_DEPLOYMENT_TARGET = 9.1;
				MTL_ENABLE_DEBUG_INFO = YES;
				ONLY_ACTIVE_ARCH = YES;
				SDKROOT = iphoneos;
				SWIFT_OPTIMIZATION_LEVEL = "-Onone";
				TARGETED_DEVICE_FAMILY = "1,2";
			};
			name = Debug;
		};
		86A4303C1BDF3F6F00FF516F /* Release */ = {
			isa = XCBuildConfiguration;
			buildSettings = {
				ALWAYS_SEARCH_USER_PATHS = NO;
				CLANG_CXX_LANGUAGE_STANDARD = "gnu++0x";
				CLANG_CXX_LIBRARY = "libc++";
				CLANG_ENABLE_MODULES = YES;
				CLANG_ENABLE_OBJC_ARC = YES;
				CLANG_WARN_BOOL_CONVERSION = YES;
				CLANG_WARN_CONSTANT_CONVERSION = YES;
				CLANG_WARN_DIRECT_OBJC_ISA_USAGE = YES_ERROR;
				CLANG_WARN_EMPTY_BODY = YES;
				CLANG_WARN_ENUM_CONVERSION = YES;
				CLANG_WARN_INT_CONVERSION = YES;
				CLANG_WARN_OBJC_ROOT_CLASS = YES_ERROR;
				CLANG_WARN_UNREACHABLE_CODE = YES;
				CLANG_WARN__DUPLICATE_METHOD_MATCH = YES;
				"CODE_SIGN_IDENTITY[sdk=iphoneos*]" = "iPhone Developer";
				COPY_PHASE_STRIP = NO;
				DEBUG_INFORMATION_FORMAT = "dwarf-with-dsym";
				ENABLE_NS_ASSERTIONS = NO;
				ENABLE_STRICT_OBJC_MSGSEND = YES;
				GCC_C_LANGUAGE_STANDARD = gnu99;
				GCC_NO_COMMON_BLOCKS = YES;
				GCC_WARN_64_TO_32_BIT_CONVERSION = YES;
				GCC_WARN_ABOUT_RETURN_TYPE = YES_ERROR;
				GCC_WARN_UNDECLARED_SELECTOR = YES;
				GCC_WARN_UNINITIALIZED_AUTOS = YES_AGGRESSIVE;
				GCC_WARN_UNUSED_FUNCTION = YES;
				GCC_WARN_UNUSED_VARIABLE = YES;
				IPHONEOS_DEPLOYMENT_TARGET = 9.1;
				MTL_ENABLE_DEBUG_INFO = NO;
				SDKROOT = iphoneos;
				TARGETED_DEVICE_FAMILY = "1,2";
				VALIDATE_PRODUCT = YES;
			};
			name = Release;
		};
		86A4303E1BDF3F6F00FF516F /* Debug */ = {
			isa = XCBuildConfiguration;
			buildSettings = {
				ASSETCATALOG_COMPILER_APPICON_NAME = AppIcon;
				INFOPLIST_FILE = "Chicago Crime/Info.plist";
				IPHONEOS_DEPLOYMENT_TARGET = 9.0;
				LD_RUNPATH_SEARCH_PATHS = "$(inherited) @executable_path/Frameworks";
				PRODUCT_BUNDLE_IDENTIFIER = "redpanda.Chicago-Crime";
				PRODUCT_NAME = "$(TARGET_NAME)";
				TARGETED_DEVICE_FAMILY = 2;
			};
			name = Debug;
		};
		86A4303F1BDF3F6F00FF516F /* Release */ = {
			isa = XCBuildConfiguration;
			buildSettings = {
				ASSETCATALOG_COMPILER_APPICON_NAME = AppIcon;
				INFOPLIST_FILE = "Chicago Crime/Info.plist";
				IPHONEOS_DEPLOYMENT_TARGET = 9.0;
				LD_RUNPATH_SEARCH_PATHS = "$(inherited) @executable_path/Frameworks";
				PRODUCT_BUNDLE_IDENTIFIER = "redpanda.Chicago-Crime";
				PRODUCT_NAME = "$(TARGET_NAME)";
				TARGETED_DEVICE_FAMILY = 2;
			};
			name = Release;
		};
/* End XCBuildConfiguration section */

/* Begin XCConfigurationList section */
		86A430261BDF3F6F00FF516F /* Build configuration list for PBXProject "Chicago Crime" */ = {
			isa = XCConfigurationList;
			buildConfigurations = (
				86A4303B1BDF3F6F00FF516F /* Debug */,
				86A4303C1BDF3F6F00FF516F /* Release */,
			);
			defaultConfigurationIsVisible = 0;
			defaultConfigurationName = Release;
		};
		86A4303D1BDF3F6F00FF516F /* Build configuration list for PBXNativeTarget "Chicago Crime" */ = {
			isa = XCConfigurationList;
			buildConfigurations = (
				86A4303E1BDF3F6F00FF516F /* Debug */,
				86A4303F1BDF3F6F00FF516F /* Release */,
			);
			defaultConfigurationIsVisible = 0;
			defaultConfigurationName = Release;
		};
/* End XCConfigurationList section */
	};
	rootObject = 86A430231BDF3F6F00FF516F /* Project object */;
}
